
Microsoft Visual Studio Solution File, Format Version 12.00
# Visual Studio 15
VisualStudioVersion = 15.0.28307.1705
MinimumVisualStudioVersion = 10.0.40219.1
Project("{8BC9CEB8-8B4A-11D0-8D11-00A0C91BC942}") = "HW", "HW\HW.vcxproj", "{65B12808-3201-427A-B8C3-66860A57E6FE}"
EndProject
Global
	GlobalSection(SolutionConfigurationPlatforms) = preSolution
		Debug|x64 = Debug|x64
		Debug|x86 = Debug|x86
		Release|x64 = Release|x64
		Release|x86 = Release|x86
	EndGlobalSection
	GlobalSection(ProjectConfigurationPlatforms) = postSolution
		{65B12808-3201-427A-B8C3-66860A57E6FE}.Debug|x64.ActiveCfg = Debug|x64
		{65B12808-3201-427A-B8C3-66860A57E6FE}.Debug|x64.Build.0 = Debug|x64
		{65B12808-3201-427A-B8C3-66860A57E6FE}.Debug|x86.ActiveCfg = Debug|Win32
		{65B12808-3201-427A-B8C3-66860A57E6FE}.Debug|x86.Build.0 = Debug|Win32
		{65B12808-3201-427A-B8C3-66860A57E6FE}.Release|x64.ActiveCfg = Release|x64
		{65B12808-3201-427A-B8C3-66860A57E6FE}.Release|x64.Build.0 = Release|x64
		{65B12808-3201-427A-B8C3-66860A57E6FE}.Release|x86.ActiveCfg = Release|Win32
		{65B12808-3201-427A-B8C3-66860A57E6FE}.Release|x86.Build.0 = Release|Win32
	EndGlobalSection
	GlobalSection(SolutionProperties) = preSolution
		HideSolutionNode = FALSE
	EndGlobalSection
	GlobalSection(ExtensibilityGlobals) = postSolution
		SolutionGuid = {F80404DD-CC85-4476-B1BF-EC0603FBBEB0}
	EndGlobalSection
EndGlobal
